<?xml version="1.0" encoding="utf-8"?>
<Project ToolsVersion="4.0" xmlns="http://schemas.microsoft.com/developer/msbuild/2003">
  <ItemGroup>
    <Filter Include="ソース ファイル">
      <UniqueIdentifier>{4FC737F1-C7A5-4376-A066-2A32D752A2FF}</UniqueIdentifier>
      <Extensions>cpp;c;cc;cxx;c++;cppm;ixx;def;odl;idl;hpj;bat;asm;asmx</Extensions>
    </Filter>
    <Filter Include="ヘッダー ファイル">
      <UniqueIdentifier>{93995380-89BD-4b04-88EB-625FBE52EBFB}</UniqueIdentifier>
      <Extensions>h;hh;hpp;hxx;h++;hm;inl;inc;ipp;xsd</Extensions>
    </Filter>
    <Filter Include="リソース ファイル">
      <UniqueIdentifier>{67DA6AB6-F800-4c08-8B7A-83BB121AAD01}</UniqueIdentifier>
      <Extensions>rc;ico;cur;bmp;dlg;rc2;rct;bin;rgs;gif;jpg;jpeg;jpe;resx;tiff;tif;png;wav;mfcribbon-ms</Extensions>
    </Filter>
    <Filter Include="ソース ファイル\Player">
      <UniqueIdentifier>{6f76c55d-146c-49dd-861b-72f733d50ef0}</UniqueIdentifier>
    </Filter>
    <Filter Include="ヘッダー ファイル\Player">
      <UniqueIdentifier>{e3ccd2ab-b77b-4c62-96b4-0eace8a6f92c}</UniqueIdentifier>
    </Filter>
    <Filter Include="ソース ファイル\Camera">
      <UniqueIdentifier>{acd4544e-a8bb-449b-9bce-6fe9286e8161}</UniqueIdentifier>
    </Filter>
    <Filter Include="ヘッダー ファイル\Camera">
      <UniqueIdentifier>{d368ebbf-b613-4d32-a04c-cab41edc5cc9}</UniqueIdentifier>
    </Filter>
    <Filter Include="ソース ファイル\UI">
      <UniqueIdentifier>{61d07adf-73a5-4cf0-92f0-d85c82b63b02}</UniqueIdentifier>
    </Filter>
    <Filter Include="ヘッダー ファイル\UI">
      <UniqueIdentifier>{db7f94c9-264b-43ba-b687-ed4993809c44}</UniqueIdentifier>
    </Filter>
    <Filter Include="ソース ファイル\Gimmick">
      <UniqueIdentifier>{e8475ee8-a7b1-468f-bd2c-b207d36ae7f7}</UniqueIdentifier>
    </Filter>
    <Filter Include="ヘッダー ファイル\Gimmick">
      <UniqueIdentifier>{d69a9f6d-2969-407d-969d-40582646ae42}</UniqueIdentifier>
    </Filter>
    <Filter Include="ソース ファイル\Util">
      <UniqueIdentifier>{ffeed5a8-cf03-407a-be1a-81401aaee6ae}</UniqueIdentifier>
    </Filter>
    <Filter Include="ヘッダー ファイル\Util">
      <UniqueIdentifier>{6874f44a-9503-4725-9dea-fb7dab05b7a3}</UniqueIdentifier>
    </Filter>
    <Filter Include="ヘッダー ファイル\UI\Tabs">
      <UniqueIdentifier>{882bd247-c880-42f9-a31e-1ca2ca8732e4}</UniqueIdentifier>
    </Filter>
    <Filter Include="ソース ファイル\UI\Tabs">
      <UniqueIdentifier>{4a135411-411e-44ec-b163-f1eeac5c08c9}</UniqueIdentifier>
    </Filter>
    <Filter Include="ソース ファイル\StageSelect">
      <UniqueIdentifier>{fd9e9c73-ecca-430c-984f-b79646961a8e}</UniqueIdentifier>
    </Filter>
    <Filter Include="ヘッダー ファイル\StageSelect">
      <UniqueIdentifier>{c0141b55-9e90-4d46-af4f-2f854f227645}</UniqueIdentifier>
    </Filter>
  </ItemGroup>
  <ItemGroup>
    <ClInclude Include="IScriptObject.h">
      <Filter>ヘッダー ファイル</Filter>
    </ClInclude>
    <ClInclude Include="Bases.h">
      <Filter>ヘッダー ファイル</Filter>
    </ClInclude>
    <ClInclude Include="..\..\SrcEngine\Others\stdafx.h">
      <Filter>ヘッダー ファイル</Filter>
    </ClInclude>
    <ClInclude Include="Player\PlayerControl.h">
      <Filter>ヘッダー ファイル\Player</Filter>
    </ClInclude>
    <ClInclude Include="Camera\FirstPersonCamera.h">
      <Filter>ヘッダー ファイル\Camera</Filter>
    </ClInclude>
    <ClInclude Include="UI\SuperUI.h">
      <Filter>ヘッダー ファイル\UI</Filter>
    </ClInclude>
    <ClInclude Include="AppOperationCommand.h">
      <Filter>ヘッダー ファイル</Filter>
    </ClInclude>
    <ClInclude Include="TestObject.h">
      <Filter>ヘッダー ファイル</Filter>
    </ClInclude>
    <ClInclude Include="TestPlayer.h">
      <Filter>ヘッダー ファイル</Filter>
    </ClInclude>
    <ClInclude Include="CollisionManager.h">
      <Filter>ヘッダー ファイル</Filter>
    </ClInclude>
    <ClInclude Include="GameManager.h">
      <Filter>ヘッダー ファイル</Filter>
    </ClInclude>
    <ClInclude Include="Player\PlayerCollider.h">
      <Filter>ヘッダー ファイル\Player</Filter>
    </ClInclude>
    <ClInclude Include="Gimmick\BlockCollider.h">
      <Filter>ヘッダー ファイル\Gimmick</Filter>
    </ClInclude>
    <ClInclude Include="Util\Easing.h">
      <Filter>ヘッダー ファイル\Util</Filter>
    </ClInclude>
    <ClInclude Include="Util\Timer.h">
      <Filter>ヘッダー ファイル\Util</Filter>
    </ClInclude>
    <ClInclude Include="Util\Gravity.h">
      <Filter>ヘッダー ファイル\Util</Filter>
    </ClInclude>
    <ClInclude Include="Camera\ViewCollider.h">
      <Filter>ヘッダー ファイル\Camera</Filter>
    </ClInclude>
    <ClInclude Include="Gimmick\FlyBlock.h">
      <Filter>ヘッダー ファイル\Gimmick</Filter>
    </ClInclude>
    <ClInclude Include="Gimmick\FlyBlockCollider.h">
      <Filter>ヘッダー ファイル\Gimmick</Filter>
    </ClInclude>
    <ClInclude Include="Gimmick\ButtonCollider.h">
      <Filter>ヘッダー ファイル\Gimmick</Filter>
    </ClInclude>
    <ClInclude Include="Gimmick\GlassCollider.h">
      <Filter>ヘッダー ファイル\Gimmick</Filter>
    </ClInclude>
    <ClInclude Include="Gimmick\DoorCollider.h">
      <Filter>ヘッダー ファイル\Gimmick</Filter>
    </ClInclude>
    <ClInclude Include="TitleCamera.h">
      <Filter>ヘッダー ファイル\Camera</Filter>
    </ClInclude>
    <ClInclude Include="StageButton.h">
      <Filter>ヘッダー ファイル\Gimmick</Filter>
    </ClInclude>
    <ClInclude Include="StageDoor.h">
      <Filter>ヘッダー ファイル\Gimmick</Filter>
    </ClInclude>
    <ClInclude Include="SponePoint.h">
      <Filter>ヘッダー ファイル\Gimmick</Filter>
    </ClInclude>
    <ClInclude Include="UI\IUITab.h">
      <Filter>ヘッダー ファイル\UI\Tabs</Filter>
    </ClInclude>
    <ClInclude Include="UI\CameraTab.h">
      <Filter>ヘッダー ファイル\UI\Tabs</Filter>
    </ClInclude>
    <ClInclude Include="GraphicsTab.h">
      <Filter>ヘッダー ファイル\UI\Tabs</Filter>
    </ClInclude>
    <ClInclude Include="SoundTab.h">
      <Filter>ヘッダー ファイル\UI\Tabs</Filter>
    </ClInclude>
    <ClInclude Include="Gimmick\TransparentCollider.h">
      <Filter>ヘッダー ファイル\Gimmick</Filter>
    </ClInclude>
    <ClInclude Include="Gimmick\GoalCollider.h">
      <Filter>ヘッダー ファイル\Gimmick</Filter>
    </ClInclude>
    <ClInclude Include="GoggleCollider.h">
      <Filter>ヘッダー ファイル\Gimmick</Filter>
    </ClInclude>
    <ClInclude Include="GoggleScr.h">
      <Filter>ヘッダー ファイル\Gimmick</Filter>
    </ClInclude>
    <ClInclude Include="PlayerGoggle.h">
      <Filter>ヘッダー ファイル\Player</Filter>
    </ClInclude>
    <ClInclude Include="Gimmick\StageGoal.h">
      <Filter>ヘッダー ファイル\Gimmick</Filter>
    </ClInclude>
    <ClInclude Include="StageSelect\SelectPanel.h">
      <Filter>ヘッダー ファイル\StageSelect</Filter>
    </ClInclude>
    <ClInclude Include="StageGenerater.h">
      <Filter>ヘッダー ファイル</Filter>
    </ClInclude>
    <ClInclude Include="PlayerGoggleState.h">
      <Filter>ヘッダー ファイル\Player</Filter>
    </ClInclude>
  </ItemGroup>
  <ItemGroup>
    <ClCompile Include="TestPlayer.cpp">
      <Filter>ソース ファイル</Filter>
    </ClCompile>
    <ClCompile Include="Bases.cpp">
      <Filter>ソース ファイル</Filter>
    </ClCompile>
    <ClCompile Include="IScriptObject.cpp">
      <Filter>ソース ファイル</Filter>
    </ClCompile>
    <ClCompile Include="TestObject.cpp">
      <Filter>ソース ファイル</Filter>
    </ClCompile>
    <ClCompile Include="Player\PlayerControl.cpp">
      <Filter>ソース ファイル\Player</Filter>
    </ClCompile>
    <ClCompile Include="Camera\FirstPersonCamera.cpp">
      <Filter>ソース ファイル\Camera</Filter>
    </ClCompile>
    <ClCompile Include="UI\SuperUI.cpp">
      <Filter>ソース ファイル\UI</Filter>
    </ClCompile>
    <ClCompile Include="AppOperationCommand.cpp">
      <Filter>ソース ファイル</Filter>
    </ClCompile>
    <ClCompile Include="CollisionManager.cpp">
      <Filter>ソース ファイル</Filter>
    </ClCompile>
    <ClCompile Include="GameManager.cpp">
      <Filter>ソース ファイル</Filter>
    </ClCompile>
    <ClCompile Include="Player\PlayerCollider.cpp">
      <Filter>ソース ファイル\Player</Filter>
    </ClCompile>
    <ClCompile Include="Gimmick\BlockCollider.cpp">
      <Filter>ソース ファイル\Gimmick</Filter>
    </ClCompile>
    <ClCompile Include="Util\Easing.cpp">
      <Filter>ソース ファイル\Util</Filter>
    </ClCompile>
    <ClCompile Include="Util\Timer.cpp">
      <Filter>ソース ファイル\Util</Filter>
    </ClCompile>
    <ClCompile Include="Util\Gravity.cpp">
      <Filter>ソース ファイル\Util</Filter>
    </ClCompile>
    <ClCompile Include="Camera\ViewCollider.cpp">
      <Filter>ソース ファイル\Camera</Filter>
    </ClCompile>
    <ClCompile Include="Gimmick\FlyBlock.cpp">
      <Filter>ソース ファイル\Gimmick</Filter>
    </ClCompile>
    <ClCompile Include="Gimmick\FlyBlockCollider.cpp">
      <Filter>ソース ファイル\Gimmick</Filter>
    </ClCompile>
    <ClCompile Include="Gimmick\ButtonCollider.cpp">
      <Filter>ソース ファイル\Gimmick</Filter>
    </ClCompile>
    <ClCompile Include="Gimmick\GlassCollider.cpp">
      <Filter>ソース ファイル\Gimmick</Filter>
    </ClCompile>
    <ClCompile Include="Gimmick\DoorCollider.cpp">
      <Filter>ソース ファイル\Gimmick</Filter>
    </ClCompile>
    <ClCompile Include="TitleCamera.cpp">
      <Filter>ソース ファイル\Camera</Filter>
    </ClCompile>
    <ClCompile Include="StageButton.cpp">
      <Filter>ソース ファイル\Gimmick</Filter>
    </ClCompile>
    <ClCompile Include="StageDoor.cpp">
      <Filter>ソース ファイル\Gimmick</Filter>
    </ClCompile>
    <ClCompile Include="SponePoint.cpp">
      <Filter>ソース ファイル\Gimmick</Filter>
    </ClCompile>
    <ClCompile Include="UI\IUITab.cpp">
      <Filter>ソース ファイル\UI\Tabs</Filter>
    </ClCompile>
    <ClCompile Include="CameraTab.cpp">
      <Filter>ソース ファイル\UI\Tabs</Filter>
    </ClCompile>
    <ClCompile Include="GraphicsTab.cpp">
      <Filter>ソース ファイル\UI\Tabs</Filter>
    </ClCompile>
    <ClCompile Include="SoundTab.cpp">
      <Filter>ソース ファイル\UI\Tabs</Filter>
    </ClCompile>
    <ClCompile Include="Gimmick\GoalCollider.cpp">
      <Filter>ソース ファイル\Gimmick</Filter>
    </ClCompile>
    <ClCompile Include="Gimmick\TransparentCollider.cpp">
      <Filter>ソース ファイル\Gimmick</Filter>
    </ClCompile>
    <ClCompile Include="GoggleCollider.cpp">
      <Filter>ソース ファイル\Gimmick</Filter>
    </ClCompile>
    <ClCompile Include="GoggleScr.cpp">
      <Filter>ソース ファイル\Gimmick</Filter>
    </ClCompile>
    <ClCompile Include="PlayerGoggle.cpp">
      <Filter>ソース ファイル\Player</Filter>
    </ClCompile>
    <ClCompile Include="Gimmick\StageGoal.cpp">
      <Filter>ソース ファイル\Gimmick</Filter>
    </ClCompile>
    <ClCompile Include="StageSelect\SelectPanel.cpp">
      <Filter>ソース ファイル\StageSelect</Filter>
    </ClCompile>
    <ClCompile Include="StageGenerater.cpp">
      <Filter>ソース ファイル</Filter>
    </ClCompile>
    <ClCompile Include="PlayerGoggleState.cpp">
      <Filter>ソース ファイル\Player</Filter>
    </ClCompile>
  </ItemGroup>
</Project>